
Microsoft Visual Studio Solution File, Format Version 12.00
# Visual Studio Version 17
VisualStudioVersion = 17.5.33627.172
MinimumVisualStudioVersion = 10.0.40219.1
Project("{FAE04EC0-301F-11D3-BF4B-00C04F79EFBC}") = "Course", "Course\Course.csproj", "{A1063FD2-D513-4804-96CA-5DBAD76ACF05}"
EndProject
Global
	GlobalSection(SolutionConfigurationPlatforms) = preSolution
		Debug|Any CPU = Debug|Any CPU
		Release|Any CPU = Release|Any CPU
	EndGlobalSection
	GlobalSection(ProjectConfigurationPlatforms) = postSolution
		{A1063FD2-D513-4804-96CA-5DBAD76ACF05}.Debug|Any CPU.ActiveCfg = Debug|Any CPU
		{A1063FD2-D513-4804-96CA-5DBAD76ACF05}.Debug|Any CPU.Build.0 = Debug|Any CPU
		{A1063FD2-D513-4804-96CA-5DBAD76ACF05}.Release|Any CPU.ActiveCfg = Release|Any CPU
		{A1063FD2-D513-4804-96CA-5DBAD76ACF05}.Release|Any CPU.Build.0 = Release|Any CPU
	EndGlobalSection
	GlobalSection(SolutionProperties) = preSolution
		HideSolutionNode = FALSE
	EndGlobalSection
	GlobalSection(ExtensibilityGlobals) = postSolution
		SolutionGuid = {0A9B631A-BA3B-4C3A-AC06-00BB9C2BCBB9}
	EndGlobalSection
EndGlobal
